
Microsoft Visual Studio Solution File, Format Version 12.00
# Visual Studio Version 17
VisualStudioVersion = 17.0.31903.59
MinimumVisualStudioVersion = 10.0.40219.1
Project("{FAE04EC0-301F-11D3-BF4B-00C04F79EFBC}") = "PhysicsEngine.Core", "PhysicsEngine.Core\PhysicsEngine.Core.csproj", "{C7DD6711-2273-44CE-ABF2-A2DC6C9C5344}"
EndProject
Project("{FAE04EC0-301F-11D3-BF4B-00C04F79EFBC}") = "PhysicsEngine.Debug", "PhysicsEngine.Debug\PhysicsEngine.Debug.csproj", "{B9BC1625-9B9E-427F-9845-5381314070BE}"
EndProject
Project("{FAE04EC0-301F-11D3-BF4B-00C04F79EFBC}") = "PhysicsEngine.Tests", "PhysicsEngine.Tests\PhysicsEngine.Tests.csproj", "{58D83C61-B01D-418D-8A9C-9FAEC616D7E5}"
EndProject
Global
	GlobalSection(SolutionConfigurationPlatforms) = preSolution
		Debug|Any CPU = Debug|Any CPU
		Release|Any CPU = Release|Any CPU
	EndGlobalSection
	GlobalSection(SolutionProperties) = preSolution
		HideSolutionNode = FALSE
	EndGlobalSection
	GlobalSection(ProjectConfigurationPlatforms) = postSolution
		{C7DD6711-2273-44CE-ABF2-A2DC6C9C5344}.Debug|Any CPU.ActiveCfg = Debug|Any CPU
		{C7DD6711-2273-44CE-ABF2-A2DC6C9C5344}.Debug|Any CPU.Build.0 = Debug|Any CPU
		{C7DD6711-2273-44CE-ABF2-A2DC6C9C5344}.Release|Any CPU.ActiveCfg = Release|Any CPU
		{C7DD6711-2273-44CE-ABF2-A2DC6C9C5344}.Release|Any CPU.Build.0 = Release|Any CPU
		{B9BC1625-9B9E-427F-9845-5381314070BE}.Debug|Any CPU.ActiveCfg = Debug|Any CPU
		{B9BC1625-9B9E-427F-9845-5381314070BE}.Debug|Any CPU.Build.0 = Debug|Any CPU
		{B9BC1625-9B9E-427F-9845-5381314070BE}.Release|Any CPU.ActiveCfg = Release|Any CPU
		{B9BC1625-9B9E-427F-9845-5381314070BE}.Release|Any CPU.Build.0 = Release|Any CPU
		{58D83C61-B01D-418D-8A9C-9FAEC616D7E5}.Debug|Any CPU.ActiveCfg = Debug|Any CPU
		{58D83C61-B01D-418D-8A9C-9FAEC616D7E5}.Debug|Any CPU.Build.0 = Debug|Any CPU
		{58D83C61-B01D-418D-8A9C-9FAEC616D7E5}.Release|Any CPU.ActiveCfg = Release|Any CPU
		{58D83C61-B01D-418D-8A9C-9FAEC616D7E5}.Release|Any CPU.Build.0 = Release|Any CPU
	EndGlobalSection
EndGlobal
